
Microsoft Visual Studio Solution File, Format Version 12.00
# Visual Studio 14
VisualStudioVersion = 14.0.23107.0
MinimumVisualStudioVersion = 10.0.40219.1
Project("{FAE04EC0-301F-11D3-BF4B-00C04F79EFBC}") = "typescript.linq", "typescript.linq\typescript.linq.csproj", "{57C331A8-445B-4988-80E9-BF39BAC04837}"
EndProject
Project("{2150E333-8FDC-42A3-9474-1A3956D46DE8}") = "Solution Items", "Solution Items", "{EEE3B469-05E5-4D2F-81E5-F78906133B3D}"
	ProjectSection(SolutionItems) = preProject
		..\README.md = ..\README.md
	EndProjectSection
EndProject
Global
	GlobalSection(SolutionConfigurationPlatforms) = preSolution
		Debug|Any CPU = Debug|Any CPU
		Release|Any CPU = Release|Any CPU
	EndGlobalSection
	GlobalSection(ProjectConfigurationPlatforms) = postSolution
		{57C331A8-445B-4988-80E9-BF39BAC04837}.Debug|Any CPU.ActiveCfg = Debug|Any CPU
		{57C331A8-445B-4988-80E9-BF39BAC04837}.Debug|Any CPU.Build.0 = Debug|Any CPU
		{57C331A8-445B-4988-80E9-BF39BAC04837}.Release|Any CPU.ActiveCfg = Release|Any CPU
		{57C331A8-445B-4988-80E9-BF39BAC04837}.Release|Any CPU.Build.0 = Release|Any CPU
	EndGlobalSection
	GlobalSection(SolutionProperties) = preSolution
		HideSolutionNode = FALSE
	EndGlobalSection
EndGlobal
